
Microsoft Visual Studio Solution File, Format Version 12.00
# Visual Studio Version 16
VisualStudioVersion = 16.0.30225.117
MinimumVisualStudioVersion = 10.0.40219.1
Project("{FAE04EC0-301F-11D3-BF4B-00C04F79EFBC}") = "TRMDataManager", "TRMDataManager\TRMDataManager.csproj", "{E1EC2B2A-8BF8-4A9A-B7D9-D67A994DA696}"
EndProject
Project("{00D1A9C2-B5F0-4AF3-8072-F6C62B433612}") = "TRMData", "TRMData\TRMData.sqlproj", "{1E658F84-A083-4EAB-AF19-2447BAD0E793}"
EndProject
Project("{FAE04EC0-301F-11D3-BF4B-00C04F79EFBC}") = "TRMDesktopUI", "TRMDesktopUI\TRMDesktopUI.csproj", "{92A1365E-1E8E-428D-8007-A5CE953AD00C}"
EndProject
Project("{FAE04EC0-301F-11D3-BF4B-00C04F79EFBC}") = "TRMDataManager.Library", "TRMDataManager.Library\TRMDataManager.Library.csproj", "{AEFB68DC-B2AF-4F5F-9F6A-93DDEB91BBFB}"
EndProject
Project("{FAE04EC0-301F-11D3-BF4B-00C04F79EFBC}") = "TRMDesktopUI.Library", "TRMDesktopUI.Library\TRMDesktopUI.Library.csproj", "{4F8DE9D9-5834-44F1-8A37-64783936DB59}"
EndProject
Project("{2150E333-8FDC-42A3-9474-1A3956D46DE8}") = "Database", "Database", "{88B23379-3B7E-4BFF-B52D-CD1B84A16C14}"
EndProject
Project("{2150E333-8FDC-42A3-9474-1A3956D46DE8}") = "API", "API", "{3C445BD6-F70C-4ED3-B4C0-9B7341B5076F}"
EndProject
Project("{2150E333-8FDC-42A3-9474-1A3956D46DE8}") = "WPF", "WPF", "{8413541C-F25F-4367-B641-C50AA9FA3680}"
EndProject
Global
	GlobalSection(SolutionConfigurationPlatforms) = preSolution
		Debug|Any CPU = Debug|Any CPU
		Release|Any CPU = Release|Any CPU
	EndGlobalSection
	GlobalSection(ProjectConfigurationPlatforms) = postSolution
		{E1EC2B2A-8BF8-4A9A-B7D9-D67A994DA696}.Debug|Any CPU.ActiveCfg = Debug|Any CPU
		{E1EC2B2A-8BF8-4A9A-B7D9-D67A994DA696}.Debug|Any CPU.Build.0 = Debug|Any CPU
		{E1EC2B2A-8BF8-4A9A-B7D9-D67A994DA696}.Release|Any CPU.ActiveCfg = Release|Any CPU
		{E1EC2B2A-8BF8-4A9A-B7D9-D67A994DA696}.Release|Any CPU.Build.0 = Release|Any CPU
		{1E658F84-A083-4EAB-AF19-2447BAD0E793}.Debug|Any CPU.ActiveCfg = Debug|Any CPU
		{1E658F84-A083-4EAB-AF19-2447BAD0E793}.Debug|Any CPU.Build.0 = Debug|Any CPU
		{1E658F84-A083-4EAB-AF19-2447BAD0E793}.Debug|Any CPU.Deploy.0 = Debug|Any CPU
		{1E658F84-A083-4EAB-AF19-2447BAD0E793}.Release|Any CPU.ActiveCfg = Release|Any CPU
		{1E658F84-A083-4EAB-AF19-2447BAD0E793}.Release|Any CPU.Build.0 = Release|Any CPU
		{1E658F84-A083-4EAB-AF19-2447BAD0E793}.Release|Any CPU.Deploy.0 = Release|Any CPU
		{92A1365E-1E8E-428D-8007-A5CE953AD00C}.Debug|Any CPU.ActiveCfg = Debug|Any CPU
		{92A1365E-1E8E-428D-8007-A5CE953AD00C}.Debug|Any CPU.Build.0 = Debug|Any CPU
		{92A1365E-1E8E-428D-8007-A5CE953AD00C}.Release|Any CPU.ActiveCfg = Release|Any CPU
		{92A1365E-1E8E-428D-8007-A5CE953AD00C}.Release|Any CPU.Build.0 = Release|Any CPU
		{AEFB68DC-B2AF-4F5F-9F6A-93DDEB91BBFB}.Debug|Any CPU.ActiveCfg = Debug|Any CPU
		{AEFB68DC-B2AF-4F5F-9F6A-93DDEB91BBFB}.Debug|Any CPU.Build.0 = Debug|Any CPU
		{AEFB68DC-B2AF-4F5F-9F6A-93DDEB91BBFB}.Release|Any CPU.ActiveCfg = Release|Any CPU
		{AEFB68DC-B2AF-4F5F-9F6A-93DDEB91BBFB}.Release|Any CPU.Build.0 = Release|Any CPU
		{4F8DE9D9-5834-44F1-8A37-64783936DB59}.Debug|Any CPU.ActiveCfg = Debug|Any CPU
		{4F8DE9D9-5834-44F1-8A37-64783936DB59}.Debug|Any CPU.Build.0 = Debug|Any CPU
		{4F8DE9D9-5834-44F1-8A37-64783936DB59}.Release|Any CPU.ActiveCfg = Release|Any CPU
		{4F8DE9D9-5834-44F1-8A37-64783936DB59}.Release|Any CPU.Build.0 = Release|Any CPU
	EndGlobalSection
	GlobalSection(SolutionProperties) = preSolution
		HideSolutionNode = FALSE
	EndGlobalSection
	GlobalSection(NestedProjects) = preSolution
		{E1EC2B2A-8BF8-4A9A-B7D9-D67A994DA696} = {3C445BD6-F70C-4ED3-B4C0-9B7341B5076F}
		{1E658F84-A083-4EAB-AF19-2447BAD0E793} = {88B23379-3B7E-4BFF-B52D-CD1B84A16C14}
		{92A1365E-1E8E-428D-8007-A5CE953AD00C} = {8413541C-F25F-4367-B641-C50AA9FA3680}
		{AEFB68DC-B2AF-4F5F-9F6A-93DDEB91BBFB} = {3C445BD6-F70C-4ED3-B4C0-9B7341B5076F}
		{4F8DE9D9-5834-44F1-8A37-64783936DB59} = {8413541C-F25F-4367-B641-C50AA9FA3680}
	EndGlobalSection
	GlobalSection(ExtensibilityGlobals) = postSolution
		SolutionGuid = {F4BF76E0-E62B-450A-B661-8D2BD231F84A}
	EndGlobalSection
EndGlobal
